
Microsoft Visual Studio Solution File, Format Version 12.00
# Visual Studio Version 16
VisualStudioVersion = 16.0.29709.97
MinimumVisualStudioVersion = 10.0.40219.1
Project("{9A19103F-16F7-4668-BE54-9A1E7A4F7556}") = "MyVet.Common", "MyVet.Common\MyVet.Common\MyVet.Common.csproj", "{2A667476-8094-46F3-B1BB-6CE528F5978F}"
EndProject
Project("{9A19103F-16F7-4668-BE54-9A1E7A4F7556}") = "MyVet.Web", "MyVet.Web\MyVet.Web.csproj", "{22737064-383A-4877-905E-9D87EB4F6EBD}"
EndProject
Global
	GlobalSection(SolutionConfigurationPlatforms) = preSolution
		Debug|Any CPU = Debug|Any CPU
		Release|Any CPU = Release|Any CPU
	EndGlobalSection
	GlobalSection(ProjectConfigurationPlatforms) = postSolution
		{2A667476-8094-46F3-B1BB-6CE528F5978F}.Debug|Any CPU.ActiveCfg = Debug|Any CPU
		{2A667476-8094-46F3-B1BB-6CE528F5978F}.Debug|Any CPU.Build.0 = Debug|Any CPU
		{2A667476-8094-46F3-B1BB-6CE528F5978F}.Release|Any CPU.ActiveCfg = Release|Any CPU
		{2A667476-8094-46F3-B1BB-6CE528F5978F}.Release|Any CPU.Build.0 = Release|Any CPU
		{22737064-383A-4877-905E-9D87EB4F6EBD}.Debug|Any CPU.ActiveCfg = Debug|Any CPU
		{22737064-383A-4877-905E-9D87EB4F6EBD}.Debug|Any CPU.Build.0 = Debug|Any CPU
		{22737064-383A-4877-905E-9D87EB4F6EBD}.Release|Any CPU.ActiveCfg = Release|Any CPU
		{22737064-383A-4877-905E-9D87EB4F6EBD}.Release|Any CPU.Build.0 = Release|Any CPU
	EndGlobalSection
	GlobalSection(SolutionProperties) = preSolution
		HideSolutionNode = FALSE
	EndGlobalSection
	GlobalSection(ExtensibilityGlobals) = postSolution
		SolutionGuid = {59FD5620-BC66-47F7-8CC5-DEA6F841EC48}
	EndGlobalSection
EndGlobal
